
Microsoft Visual Studio Solution File, Format Version 12.00
# Visual Studio 2013
VisualStudioVersion = 12.0.30723.0
MinimumVisualStudioVersion = 10.0.40219.1
Project("{FAE04EC0-301F-11D3-BF4B-00C04F79EFBC}") = "CustomerT4ConsoleApp", "CustomerT4ConsoleApp\CustomerT4ConsoleApp.csproj", "{F7B48F32-1DB5-454B-BE62-5BC67EF7860C}"
EndProject
Project("{2150E333-8FDC-42A3-9474-1A3956D46DE8}") = ".nuget", ".nuget", "{4DD9AEFF-9075-49E4-A417-86B60EE08D17}"
	ProjectSection(SolutionItems) = preProject
		.nuget\packages.config = .nuget\packages.config
	EndProjectSection
EndProject
Project("{FAE04EC0-301F-11D3-BF4B-00C04F79EFBC}") = "CustomerT4WebApp", "CustomerT4WebApp\CustomerT4WebApp.csproj", "{D5ADBACB-648E-48FD-9F41-6C3D916D5B28}"
EndProject
Project("{FAE04EC0-301F-11D3-BF4B-00C04F79EFBC}") = "AddressGenerator", "AddressGenerator\AddressGenerator.csproj", "{A260C415-5521-42AC-BD6A-1312B4B0DD0F}"
EndProject
Global
	GlobalSection(SolutionConfigurationPlatforms) = preSolution
		Debug|Any CPU = Debug|Any CPU
		Release|Any CPU = Release|Any CPU
	EndGlobalSection
	GlobalSection(ProjectConfigurationPlatforms) = postSolution
		{F7B48F32-1DB5-454B-BE62-5BC67EF7860C}.Debug|Any CPU.ActiveCfg = Debug|Any CPU
		{F7B48F32-1DB5-454B-BE62-5BC67EF7860C}.Debug|Any CPU.Build.0 = Debug|Any CPU
		{F7B48F32-1DB5-454B-BE62-5BC67EF7860C}.Release|Any CPU.ActiveCfg = Release|Any CPU
		{F7B48F32-1DB5-454B-BE62-5BC67EF7860C}.Release|Any CPU.Build.0 = Release|Any CPU
		{D5ADBACB-648E-48FD-9F41-6C3D916D5B28}.Debug|Any CPU.ActiveCfg = Debug|Any CPU
		{D5ADBACB-648E-48FD-9F41-6C3D916D5B28}.Debug|Any CPU.Build.0 = Debug|Any CPU
		{D5ADBACB-648E-48FD-9F41-6C3D916D5B28}.Release|Any CPU.ActiveCfg = Release|Any CPU
		{D5ADBACB-648E-48FD-9F41-6C3D916D5B28}.Release|Any CPU.Build.0 = Release|Any CPU
		{A260C415-5521-42AC-BD6A-1312B4B0DD0F}.Debug|Any CPU.ActiveCfg = Debug|Any CPU
		{A260C415-5521-42AC-BD6A-1312B4B0DD0F}.Debug|Any CPU.Build.0 = Debug|Any CPU
		{A260C415-5521-42AC-BD6A-1312B4B0DD0F}.Release|Any CPU.ActiveCfg = Release|Any CPU
		{A260C415-5521-42AC-BD6A-1312B4B0DD0F}.Release|Any CPU.Build.0 = Release|Any CPU
	EndGlobalSection
	GlobalSection(SolutionProperties) = preSolution
		HideSolutionNode = FALSE
	EndGlobalSection
EndGlobal
